
Microsoft Visual Studio Solution File, Format Version 12.00
# Visual Studio 2013
VisualStudioVersion = 12.0.30723.0
MinimumVisualStudioVersion = 10.0.40219.1
Project("{FAE04EC0-301F-11D3-BF4B-00C04F79EFBC}") = "FlexOffers.Importer.Service.Processor.Host", "FlexOffers.Importer\FlexOffers.Importer.Service.Processor.Host.csproj", "{8ED4C907-9982-4A53-BD7C-4FF62E7161D0}"
EndProject
Project("{FAE04EC0-301F-11D3-BF4B-00C04F79EFBC}") = "FlexOffers.Importer.Service.Processor", "FlexOffers.Importer.Service.Processor\FlexOffers.Importer.Service.Processor.csproj", "{0875ABCE-EBAD-4073-BA24-BF448D2E3C1C}"
EndProject
Project("{FAE04EC0-301F-11D3-BF4B-00C04F79EFBC}") = "FlexOffers.Importer.Engine", "FlexOffers.Importer.Engine\FlexOffers.Importer.Engine.csproj", "{0D0FD146-7918-4DF5-A0DB-377305F0E123}"
EndProject
Project("{FAE04EC0-301F-11D3-BF4B-00C04F79EFBC}") = "FlexOffers.Importer.Common", "FlexOffers.Importer.Common\FlexOffers.Importer.Common.csproj", "{C511E832-A427-44F8-A4C6-6636FE268B76}"
EndProject
Global
	GlobalSection(SolutionConfigurationPlatforms) = preSolution
		Debug|Any CPU = Debug|Any CPU
		Release|Any CPU = Release|Any CPU
	EndGlobalSection
	GlobalSection(ProjectConfigurationPlatforms) = postSolution
		{8ED4C907-9982-4A53-BD7C-4FF62E7161D0}.Debug|Any CPU.ActiveCfg = Debug|Any CPU
		{8ED4C907-9982-4A53-BD7C-4FF62E7161D0}.Debug|Any CPU.Build.0 = Debug|Any CPU
		{8ED4C907-9982-4A53-BD7C-4FF62E7161D0}.Release|Any CPU.ActiveCfg = Release|Any CPU
		{8ED4C907-9982-4A53-BD7C-4FF62E7161D0}.Release|Any CPU.Build.0 = Release|Any CPU
		{0875ABCE-EBAD-4073-BA24-BF448D2E3C1C}.Debug|Any CPU.ActiveCfg = Debug|Any CPU
		{0875ABCE-EBAD-4073-BA24-BF448D2E3C1C}.Debug|Any CPU.Build.0 = Debug|Any CPU
		{0875ABCE-EBAD-4073-BA24-BF448D2E3C1C}.Release|Any CPU.ActiveCfg = Release|Any CPU
		{0875ABCE-EBAD-4073-BA24-BF448D2E3C1C}.Release|Any CPU.Build.0 = Release|Any CPU
		{0D0FD146-7918-4DF5-A0DB-377305F0E123}.Debug|Any CPU.ActiveCfg = Debug|Any CPU
		{0D0FD146-7918-4DF5-A0DB-377305F0E123}.Debug|Any CPU.Build.0 = Debug|Any CPU
		{0D0FD146-7918-4DF5-A0DB-377305F0E123}.Release|Any CPU.ActiveCfg = Release|Any CPU
		{0D0FD146-7918-4DF5-A0DB-377305F0E123}.Release|Any CPU.Build.0 = Release|Any CPU
		{C511E832-A427-44F8-A4C6-6636FE268B76}.Debug|Any CPU.ActiveCfg = Debug|Any CPU
		{C511E832-A427-44F8-A4C6-6636FE268B76}.Debug|Any CPU.Build.0 = Debug|Any CPU
		{C511E832-A427-44F8-A4C6-6636FE268B76}.Release|Any CPU.ActiveCfg = Release|Any CPU
		{C511E832-A427-44F8-A4C6-6636FE268B76}.Release|Any CPU.Build.0 = Release|Any CPU
	EndGlobalSection
	GlobalSection(SolutionProperties) = preSolution
		HideSolutionNode = FALSE
	EndGlobalSection
EndGlobal
